
Microsoft Visual Studio Solution File, Format Version 12.00
# Visual Studio Version 16
VisualStudioVersion = 16.0.30611.23
MinimumVisualStudioVersion = 10.0.40219.1
Project("{FAE04EC0-301F-11D3-BF4B-00C04F79EFBC}") = "ServiceCRM", "ServiceCRM\ServiceCRM.csproj", "{157425CF-23B8-4DE5-AF7B-9FCD4863F41D}"
EndProject
Project("{FAE04EC0-301F-11D3-BF4B-00C04F79EFBC}") = "PhoneEmulatorCRM", "PhoneEmulatorCRM\PhoneEmulatorCRM.csproj", "{CC46809E-695D-4D1F-BC0B-04A2189AB73B}"
EndProject
Project("{FAE04EC0-301F-11D3-BF4B-00C04F79EFBC}") = "PhoneEmulator", "PhoneEmulator\PhoneEmulator.csproj", "{5BE03973-AE99-4A0F-AD18-AE592AA13020}"
EndProject
Global
	GlobalSection(SolutionConfigurationPlatforms) = preSolution
		Debug|Any CPU = Debug|Any CPU
		Release|Any CPU = Release|Any CPU
	EndGlobalSection
	GlobalSection(ProjectConfigurationPlatforms) = postSolution
		{157425CF-23B8-4DE5-AF7B-9FCD4863F41D}.Debug|Any CPU.ActiveCfg = Debug|Any CPU
		{157425CF-23B8-4DE5-AF7B-9FCD4863F41D}.Debug|Any CPU.Build.0 = Debug|Any CPU
		{157425CF-23B8-4DE5-AF7B-9FCD4863F41D}.Release|Any CPU.ActiveCfg = Release|Any CPU
		{157425CF-23B8-4DE5-AF7B-9FCD4863F41D}.Release|Any CPU.Build.0 = Release|Any CPU
		{CC46809E-695D-4D1F-BC0B-04A2189AB73B}.Debug|Any CPU.ActiveCfg = Debug|Any CPU
		{CC46809E-695D-4D1F-BC0B-04A2189AB73B}.Debug|Any CPU.Build.0 = Debug|Any CPU
		{CC46809E-695D-4D1F-BC0B-04A2189AB73B}.Release|Any CPU.ActiveCfg = Release|Any CPU
		{CC46809E-695D-4D1F-BC0B-04A2189AB73B}.Release|Any CPU.Build.0 = Release|Any CPU
		{5BE03973-AE99-4A0F-AD18-AE592AA13020}.Debug|Any CPU.ActiveCfg = Debug|Any CPU
		{5BE03973-AE99-4A0F-AD18-AE592AA13020}.Debug|Any CPU.Build.0 = Debug|Any CPU
		{5BE03973-AE99-4A0F-AD18-AE592AA13020}.Release|Any CPU.ActiveCfg = Release|Any CPU
		{5BE03973-AE99-4A0F-AD18-AE592AA13020}.Release|Any CPU.Build.0 = Release|Any CPU
	EndGlobalSection
	GlobalSection(SolutionProperties) = preSolution
		HideSolutionNode = FALSE
	EndGlobalSection
	GlobalSection(ExtensibilityGlobals) = postSolution
		SolutionGuid = {0EB10185-84EC-4F2B-89C5-5DAB4FE26812}
	EndGlobalSection
EndGlobal
